// !$*UTF8*$!
{
	archiveVersion = 1;
	classes = {
	};
	objectVersion = 46;
	objects = {

/* Begin PBXBuildFile section */
		A2E7638F1802469B00769E6E /* Foundation.framework in Frameworks */ = {isa = PBXBuildFile; fileRef = A2E7638E1802469B00769E6E /* Foundation.framework */; };
		A2E763911802469B00769E6E /* CoreGraphics.framework in Frameworks */ = {isa = PBXBuildFile; fileRef = A2E763901802469B00769E6E /* CoreGraphics.framework */; };
		A2E763931802469B00769E6E /* UIKit.framework in Frameworks */ = {isa = PBXBuildFile; fileRef = A2E763921802469B00769E6E /* UIKit.framework */; };
		A2E763991802469B00769E6E /* InfoPlist.strings in Resources */ = {isa = PBXBuildFile; fileRef = A2E763971802469B00769E6E /* InfoPlist.strings */; };
		A2E7639B1802469B00769E6E /* main.m in Sources */ = {isa = PBXBuildFile; fileRef = A2E7639A1802469B00769E6E /* main.m */; };
		A2E7639F1802469B00769E6E /* TemperatureConvertorAppDelegate.m in Sources */ = {isa = PBXBuildFile; fileRef = A2E7639E1802469B00769E6E /* TemperatureConvertorAppDelegate.m */; };
		A2E763A11802469B00769E6E /* Images.xcassets in Resources */ = {isa = PBXBuildFile; fileRef = A2E763A01802469B00769E6E /* Images.xcassets */; };
		A2E763A81802469B00769E6E /* XCTest.framework in Frameworks */ = {isa = PBXBuildFile; fileRef = A2E763A71802469B00769E6E /* XCTest.framework */; };
		A2E763A91802469B00769E6E /* Foundation.framework in Frameworks */ = {isa = PBXBuildFile; fileRef = A2E7638E1802469B00769E6E /* Foundation.framework */; };
		A2E763AA1802469B00769E6E /* UIKit.framework in Frameworks */ = {isa = PBXBuildFile; fileRef = A2E763921802469B00769E6E /* UIKit.framework */; };
		A2E763B21802469C00769E6E /* InfoPlist.strings in Resources */ = {isa = PBXBuildFile; fileRef = A2E763B01802469C00769E6E /* InfoPlist.strings */; };
		A2E763B41802469C00769E6E /* temperatureconvertorTests.m in Sources */ = {isa = PBXBuildFile; fileRef = A2E763B31802469C00769E6E /* temperatureconvertorTests.m */; };
/* End PBXBuildFile section */

/* Begin PBXContainerItemProxy section */
		A2E763AB1802469B00769E6E /* PBXContainerItemProxy */ = {
			isa = PBXContainerItemProxy;
			containerPortal = A2E763831802469B00769E6E /* Project object */;
			proxyType = 1;
			remoteGlobalIDString = A2E7638A1802469B00769E6E;
			remoteInfo = temperatureconvertor;
		};
/* End PBXContainerItemProxy section */

/* Begin PBXFileReference section */
		A2E7638B1802469B00769E6E /* temperatureconvertor.app */ = {isa = PBXFileReference; explicitFileType = wrapper.application; includeInIndex = 0; path = temperatureconvertor.app; sourceTree = BUILT_PRODUCTS_DIR; };
		A2E7638E1802469B00769E6E /* Foundation.framework */ = {isa = PBXFileReference; lastKnownFileType = wrapper.framework; name = Foundation.framework; path = System/Library/Frameworks/Foundation.framework; sourceTree = SDKROOT; };
		A2E763901802469B00769E6E /* CoreGraphics.framework */ = {isa = PBXFileReference; lastKnownFileType = wrapper.framework; name = CoreGraphics.framework; path = System/Library/Frameworks/CoreGraphics.framework; sourceTree = SDKROOT; };
		A2E763921802469B00769E6E /* UIKit.framework */ = {isa = PBXFileReference; lastKnownFileType = wrapper.framework; name = UIKit.framework; path = System/Library/Frameworks/UIKit.framework; sourceTree = SDKROOT; };
		A2E763961802469B00769E6E /* temperatureconvertor-Info.plist */ = {isa = PBXFileReference; lastKnownFileType = text.plist.xml; path = "temperatureconvertor-Info.plist"; sourceTree = "<group>"; };
		A2E763981802469B00769E6E /* en */ = {isa = PBXFileReference; lastKnownFileType = text.plist.strings; name = en; path = en.lproj/InfoPlist.strings; sourceTree = "<group>"; };
		A2E7639A1802469B00769E6E /* main.m */ = {isa = PBXFileReference; lastKnownFileType = sourcecode.c.objc; path = main.m; sourceTree = "<group>"; };
		A2E7639C1802469B00769E6E /* temperatureconvertor-Prefix.pch */ = {isa = PBXFileReference; lastKnownFileType = sourcecode.c.h; path = "temperatureconvertor-Prefix.pch"; sourceTree = "<group>"; };
		A2E7639D1802469B00769E6E /* TemperatureConvertorAppDelegate.h */ = {isa = PBXFileReference; lastKnownFileType = sourcecode.c.h; path = TemperatureConvertorAppDelegate.h; sourceTree = "<group>"; };
		A2E7639E1802469B00769E6E /* TemperatureConvertorAppDelegate.m */ = {isa = PBXFileReference; lastKnownFileType = sourcecode.c.objc; path = TemperatureConvertorAppDelegate.m; sourceTree = "<group>"; };
		A2E763A01802469B00769E6E /* Images.xcassets */ = {isa = PBXFileReference; lastKnownFileType = folder.assetcatalog; path = Images.xcassets; sourceTree = "<group>"; };
		A2E763A61802469B00769E6E /* temperatureconvertorTests.xctest */ = {isa = PBXFileReference; explicitFileType = wrapper.cfbundle; includeInIndex = 0; path = temperatureconvertorTests.xctest; sourceTree = BUILT_PRODUCTS_DIR; };
		A2E763A71802469B00769E6E /* XCTest.framework */ = {isa = PBXFileReference; lastKnownFileType = wrapper.framework; name = XCTest.framework; path = Library/Frameworks/XCTest.framework; sourceTree = DEVELOPER_DIR; };
		A2E763AF1802469C00769E6E /* temperatureconvertorTests-Info.plist */ = {isa = PBXFileReference; lastKnownFileType = text.plist.xml; path = "temperatureconvertorTests-Info.plist"; sourceTree = "<group>"; };
		A2E763B11802469C00769E6E /* en */ = {isa = PBXFileReference; lastKnownFileType = text.plist.strings; name = en; path = en.lproj/InfoPlist.strings; sourceTree = "<group>"; };
		A2E763B31802469C00769E6E /* temperatureconvertorTests.m */ = {isa = PBXFileReference; lastKnownFileType = sourcecode.c.objc; path = temperatureconvertorTests.m; sourceTree = "<group>"; };
/* End PBXFileReference section */

/* Begin PBXFrameworksBuildPhase section */
		A2E763881802469B00769E6E /* Frameworks */ = {
			isa = PBXFrameworksBuildPhase;
			buildActionMask = 2147483647;
			files = (
				A2E763911802469B00769E6E /* CoreGraphics.framework in Frameworks */,
				A2E763931802469B00769E6E /* UIKit.framework in Frameworks */,
				A2E7638F1802469B00769E6E /* Foundation.framework in Frameworks */,
			);
			runOnlyForDeploymentPostprocessing = 0;
		};
		A2E763A31802469B00769E6E /* Frameworks */ = {
			isa = PBXFrameworksBuildPhase;
			buildActionMask = 2147483647;
			files = (
				A2E763A81802469B00769E6E /* XCTest.framework in Frameworks */,
				A2E763AA1802469B00769E6E /* UIKit.framework in Frameworks */,
				A2E763A91802469B00769E6E /* Foundation.framework in Frameworks */,
			);
			runOnlyForDeploymentPostprocessing = 0;
		};
/* End PBXFrameworksBuildPhase section */

/* Begin PBXGroup section */
		A2E763821802469B00769E6E = {
			isa = PBXGroup;
			children = (
				A2E763941802469B00769E6E /* temperatureconvertor */,
				A2E763AD1802469B00769E6E /* temperatureconvertorTests */,
				A2E7638D1802469B00769E6E /* Frameworks */,
				A2E7638C1802469B00769E6E /* Products */,
			);
			sourceTree = "<group>";
		};
		A2E7638C1802469B00769E6E /* Products */ = {
			isa = PBXGroup;
			children = (
				A2E7638B1802469B00769E6E /* temperatureconvertor.app */,
				A2E763A61802469B00769E6E /* temperatureconvertorTests.xctest */,
			);
			name = Products;
			sourceTree = "<group>";
		};
		A2E7638D1802469B00769E6E /* Frameworks */ = {
			isa = PBXGroup;
			children = (
				A2E7638E1802469B00769E6E /* Foundation.framework */,
				A2E763901802469B00769E6E /* CoreGraphics.framework */,
				A2E763921802469B00769E6E /* UIKit.framework */,
				A2E763A71802469B00769E6E /* XCTest.framework */,
			);
			name = Frameworks;
			sourceTree = "<group>";
		};
		A2E763941802469B00769E6E /* temperatureconvertor */ = {
			isa = PBXGroup;
			children = (
				A2E7639D1802469B00769E6E /* TemperatureConvertorAppDelegate.h */,
				A2E7639E1802469B00769E6E /* TemperatureConvertorAppDelegate.m */,
				A2E763A01802469B00769E6E /* Images.xcassets */,
				A2E763951802469B00769E6E /* Supporting Files */,
			);
			path = temperatureconvertor;
			sourceTree = "<group>";
		};
		A2E763951802469B00769E6E /* Supporting Files */ = {
			isa = PBXGroup;
			children = (
				A2E763961802469B00769E6E /* temperatureconvertor-Info.plist */,
				A2E763971802469B00769E6E /* InfoPlist.strings */,
				A2E7639A1802469B00769E6E /* main.m */,
				A2E7639C1802469B00769E6E /* temperatureconvertor-Prefix.pch */,
			);
			name = "Supporting Files";
			sourceTree = "<group>";
		};
		A2E763AD1802469B00769E6E /* temperatureconvertorTests */ = {
			isa = PBXGroup;
			children = (
				A2E763B31802469C00769E6E /* temperatureconvertorTests.m */,
				A2E763AE1802469C00769E6E /* Supporting Files */,
			);
			path = temperatureconvertorTests;
			sourceTree = "<group>";
		};
		A2E763AE1802469C00769E6E /* Supporting Files */ = {
			isa = PBXGroup;
			children = (
				A2E763AF1802469C00769E6E /* temperatureconvertorTests-Info.plist */,
				A2E763B01802469C00769E6E /* InfoPlist.strings */,
			);
			name = "Supporting Files";
			sourceTree = "<group>";
		};
/* End PBXGroup section */

/* Begin PBXNativeTarget section */
		A2E7638A1802469B00769E6E /* temperatureconvertor */ = {
			isa = PBXNativeTarget;
			buildConfigurationList = A2E763B71802469C00769E6E /* Build configuration list for PBXNativeTarget "temperatureconvertor" */;
			buildPhases = (
				A2E763871802469B00769E6E /* Sources */,
				A2E763881802469B00769E6E /* Frameworks */,
				A2E763891802469B00769E6E /* Resources */,
			);
			buildRules = (
			);
			dependencies = (
			);
			name = temperatureconvertor;
			productName = temperatureconvertor;
			productReference = A2E7638B1802469B00769E6E /* temperatureconvertor.app */;
			productType = "com.apple.product-type.application";
		};
		A2E763A51802469B00769E6E /* temperatureconvertorTests */ = {
			isa = PBXNativeTarget;
			buildConfigurationList = A2E763BA1802469C00769E6E /* Build configuration list for PBXNativeTarget "temperatureconvertorTests" */;
			buildPhases = (
				A2E763A21802469B00769E6E /* Sources */,
				A2E763A31802469B00769E6E /* Frameworks */,
				A2E763A41802469B00769E6E /* Resources */,
			);
			buildRules = (
			);
			dependencies = (
				A2E763AC1802469B00769E6E /* PBXTargetDependency */,
			);
			name = temperatureconvertorTests;
			productName = temperatureconvertorTests;
			productReference = A2E763A61802469B00769E6E /* temperatureconvertorTests.xctest */;
			productType = "com.apple.product-type.bundle.unit-test";
		};
/* End PBXNativeTarget section */

/* Begin PBXProject section */
		A2E763831802469B00769E6E /* Project object */ = {
			isa = PBXProject;
			attributes = {
				CLASSPREFIX = TemperatureConvertor;
				LastUpgradeCheck = 0500;
				ORGANIZATIONNAME = pjmodi;
				TargetAttributes = {
					A2E763A51802469B00769E6E = {
						TestTargetID = A2E7638A1802469B00769E6E;
					};
				};
			};
			buildConfigurationList = A2E763861802469B00769E6E /* Build configuration list for PBXProject "temperatureconvertor" */;
			compatibilityVersion = "Xcode 3.2";
			developmentRegion = English;
			hasScannedForEncodings = 0;
			knownRegions = (
				en,
			);
			mainGroup = A2E763821802469B00769E6E;
			productRefGroup = A2E7638C1802469B00769E6E /* Products */;
			projectDirPath = "";
			projectRoot = "";
			targets = (
				A2E7638A1802469B00769E6E /* temperatureconvertor */,
				A2E763A51802469B00769E6E /* temperatureconvertorTests */,
			);
		};
/* End PBXProject section */

/* Begin PBXResourcesBuildPhase section */
		A2E763891802469B00769E6E /* Resources */ = {
			isa = PBXResourcesBuildPhase;
			buildActionMask = 2147483647;
			files = (
				A2E763991802469B00769E6E /* InfoPlist.strings in Resources */,
				A2E763A11802469B00769E6E /* Images.xcassets in Resources */,
			);
			runOnlyForDeploymentPostprocessing = 0;
		};
		A2E763A41802469B00769E6E /* Resources */ = {
			isa = PBXResourcesBuildPhase;
			buildActionMask = 2147483647;
			files = (
				A2E763B21802469C00769E6E /* InfoPlist.strings in Resources */,
			);
			runOnlyForDeploymentPostprocessing = 0;
		};
/* End PBXResourcesBuildPhase section */

/* Begin PBXSourcesBuildPhase section */
		A2E763871802469B00769E6E /* Sources */ = {
			isa = PBXSourcesBuildPhase;
			buildActionMask = 2147483647;
			files = (
				A2E7639F1802469B00769E6E /* TemperatureConvertorAppDelegate.m in Sources */,
				A2E7639B1802469B00769E6E /* main.m in Sources */,
			);
			runOnlyForDeploymentPostprocessing = 0;
		};
		A2E763A21802469B00769E6E /* Sources */ = {
			isa = PBXSourcesBuildPhase;
			buildActionMask = 2147483647;
			files = (
				A2E763B41802469C00769E6E /* temperatureconvertorTests.m in Sources */,
			);
			runOnlyForDeploymentPostprocessing = 0;
		};
/* End PBXSourcesBuildPhase section */

/* Begin PBXTargetDependency section */
		A2E763AC1802469B00769E6E /* PBXTargetDependency */ = {
			isa = PBXTargetDependency;
			target = A2E7638A1802469B00769E6E /* temperatureconvertor */;
			targetProxy = A2E763AB1802469B00769E6E /* PBXContainerItemProxy */;
		};
/* End PBXTargetDependency section */

/* Begin PBXVariantGroup section */
		A2E763971802469B00769E6E /* InfoPlist.strings */ = {
			isa = PBXVariantGroup;
			children = (
				A2E763981802469B00769E6E /* en */,
			);
			name = InfoPlist.strings;
			sourceTree = "<group>";
		};
		A2E763B01802469C00769E6E /* InfoPlist.strings */ = {
			isa = PBXVariantGroup;
			children = (
				A2E763B11802469C00769E6E /* en */,
			);
			name = InfoPlist.strings;
			sourceTree = "<group>";
		};
/* End PBXVariantGroup section */

/* Begin XCBuildConfiguration section */
		A2E763B51802469C00769E6E /* Debug */ = {
			isa = XCBuildConfiguration;
			buildSettings = {
				ALWAYS_SEARCH_USER_PATHS = NO;
				ARCHS = "$(ARCHS_STANDARD_INCLUDING_64_BIT)";
				CLANG_CXX_LANGUAGE_STANDARD = "gnu++0x";
				CLANG_CXX_LIBRARY = "libc++";
				CLANG_ENABLE_MODULES = YES;
				CLANG_ENABLE_OBJC_ARC = YES;
				CLANG_WARN_BOOL_CONVERSION = YES;
				CLANG_WARN_CONSTANT_CONVERSION = YES;
				CLANG_WARN_DIRECT_OBJC_ISA_USAGE = YES_ERROR;
				CLANG_WARN_EMPTY_BODY = YES;
				CLANG_WARN_ENUM_CONVERSION = YES;
				CLANG_WARN_INT_CONVERSION = YES;
				CLANG_WARN_OBJC_ROOT_CLASS = YES_ERROR;
				CLANG_WARN__DUPLICATE_METHOD_MATCH = YES;
				"CODE_SIGN_IDENTITY[sdk=iphoneos*]" = "iPhone Developer";
				COPY_PHASE_STRIP = NO;
				GCC_C_LANGUAGE_STANDARD = gnu99;
				GCC_DYNAMIC_NO_PIC = NO;
				GCC_OPTIMIZATION_LEVEL = 0;
				GCC_PREPROCESSOR_DEFINITIONS = (
					"DEBUG=1",
					"$(inherited)",
				);
				GCC_SYMBOLS_PRIVATE_EXTERN = NO;
				GCC_WARN_64_TO_32_BIT_CONVERSION = YES;
				GCC_WARN_ABOUT_RETURN_TYPE = YES_ERROR;
				GCC_WARN_UNDECLARED_SELECTOR = YES;
				GCC_WARN_UNINITIALIZED_AUTOS = YES;
				GCC_WARN_UNUSED_FUNCTION = YES;
				GCC_WARN_UNUSED_VARIABLE = YES;
				IPHONEOS_DEPLOYMENT_TARGET = 7.0;
				ONLY_ACTIVE_ARCH = YES;
				SDKROOT = iphoneos;
			};
			name = Debug;
		};
		A2E763B61802469C00769E6E /* Release */ = {
			isa = XCBuildConfiguration;
			buildSettings = {
				ALWAYS_SEARCH_USER_PATHS = NO;
				ARCHS = "$(ARCHS_STANDARD_INCLUDING_64_BIT)";
				CLANG_CXX_LANGUAGE_STANDARD = "gnu++0x";
				CLANG_CXX_LIBRARY = "libc++";
				CLANG_ENABLE_MODULES = YES;
				CLANG_ENABLE_OBJC_ARC = YES;
				CLANG_WARN_BOOL_CONVERSION = YES;
				CLANG_WARN_CONSTANT_CONVERSION = YES;
				CLANG_WARN_DIRECT_OBJC_ISA_USAGE = YES_ERROR;
				CLANG_WARN_EMPTY_BODY = YES;
				CLANG_WARN_ENUM_CONVERSION = YES;
				CLANG_WARN_INT_CONVERSION = YES;
				CLANG_WARN_OBJC_ROOT_CLASS = YES_ERROR;
				CLANG_WARN__DUPLICATE_METHOD_MATCH = YES;
				"CODE_SIGN_IDENTITY[sdk=iphoneos*]" = "iPhone Developer";
				COPY_PHASE_STRIP = YES;
				ENABLE_NS_ASSERTIONS = NO;
				GCC_C_LANGUAGE_STANDARD = gnu99;
				GCC_WARN_64_TO_32_BIT_CONVERSION = YES;
				GCC_WARN_ABOUT_RETURN_TYPE = YES_ERROR;
				GCC_WARN_UNDECLARED_SELECTOR = YES;
				GCC_WARN_UNINITIALIZED_AUTOS = YES;
				GCC_WARN_UNUSED_FUNCTION = YES;
				GCC_WARN_UNUSED_VARIABLE = YES;
				IPHONEOS_DEPLOYMENT_TARGET = 7.0;
				SDKROOT = iphoneos;
				VALIDATE_PRODUCT = YES;
			};
			name = Release;
		};
		A2E763B81802469C00769E6E /* Debug */ = {
			isa = XCBuildConfiguration;
			buildSettings = {
				ASSETCATALOG_COMPILER_APPICON_NAME = AppIcon;
				ASSETCATALOG_COMPILER_LAUNCHIMAGE_NAME = LaunchImage;
				GCC_PRECOMPILE_PREFIX_HEADER = YES;
				GCC_PREFIX_HEADER = "temperatureconvertor/temperatureconvertor-Prefix.pch";
				INFOPLIST_FILE = "temperatureconvertor/temperatureconvertor-Info.plist";
				IPHONEOS_DEPLOYMENT_TARGET = 6.0;
				PRODUCT_NAME = "$(TARGET_NAME)";
				WRAPPER_EXTENSION = app;
			};
			name = Debug;
		};
		A2E763B91802469C00769E6E /* Release */ = {
			isa = XCBuildConfiguration;
			buildSettings = {
				ASSETCATALOG_COMPILER_APPICON_NAME = AppIcon;
				ASSETCATALOG_COMPILER_LAUNCHIMAGE_NAME = LaunchImage;
				GCC_PRECOMPILE_PREFIX_HEADER = YES;
				GCC_PREFIX_HEADER = "temperatureconvertor/temperatureconvertor-Prefix.pch";
				INFOPLIST_FILE = "temperatureconvertor/temperatureconvertor-Info.plist";
				IPHONEOS_DEPLOYMENT_TARGET = 6.0;
				PRODUCT_NAME = "$(TARGET_NAME)";
				WRAPPER_EXTENSION = app;
			};
			name = Release;
		};
		A2E763BB1802469C00769E6E /* Debug */ = {
			isa = XCBuildConfiguration;
			buildSettings = {
				ARCHS = "$(ARCHS_STANDARD_INCLUDING_64_BIT)";
				BUNDLE_LOADER = "$(BUILT_PRODUCTS_DIR)/temperatureconvertor.app/temperatureconvertor";
				FRAMEWORK_SEARCH_PATHS = (
					"$(SDKROOT)/Developer/Library/Frameworks",
					"$(inherited)",
					"$(DEVELOPER_FRAMEWORKS_DIR)",
				);
				GCC_PRECOMPILE_PREFIX_HEADER = YES;
				GCC_PREFIX_HEADER = "temperatureconvertor/temperatureconvertor-Prefix.pch";
				GCC_PREPROCESSOR_DEFINITIONS = (
					"DEBUG=1",
					"$(inherited)",
				);
				INFOPLIST_FILE = "temperatureconvertorTests/temperatureconvertorTests-Info.plist";
				PRODUCT_NAME = "$(TARGET_NAME)";
				TEST_HOST = "$(BUNDLE_LOADER)";
				WRAPPER_EXTENSION = xctest;
			};
			name = Debug;
		};
		A2E763BC1802469C00769E6E /* Release */ = {
			isa = XCBuildConfiguration;
			buildSettings = {
				ARCHS = "$(ARCHS_STANDARD_INCLUDING_64_BIT)";
				BUNDLE_LOADER = "$(BUILT_PRODUCTS_DIR)/temperatureconvertor.app/temperatureconvertor";
				FRAMEWORK_SEARCH_PATHS = (
					"$(SDKROOT)/Developer/Library/Frameworks",
					"$(inherited)",
					"$(DEVELOPER_FRAMEWORKS_DIR)",
				);
				GCC_PRECOMPILE_PREFIX_HEADER = YES;
				GCC_PREFIX_HEADER = "temperatureconvertor/temperatureconvertor-Prefix.pch";
				INFOPLIST_FILE = "temperatureconvertorTests/temperatureconvertorTests-Info.plist";
				PRODUCT_NAME = "$(TARGET_NAME)";
				TEST_HOST = "$(BUNDLE_LOADER)";
				WRAPPER_EXTENSION = xctest;
			};
			name = Release;
		};
/* End XCBuildConfiguration section */

/* Begin XCConfigurationList section */
		A2E763861802469B00769E6E /* Build configuration list for PBXProject "temperatureconvertor" */ = {
			isa = XCConfigurationList;
			buildConfigurations = (
				A2E763B51802469C00769E6E /* Debug */,
				A2E763B61802469C00769E6E /* Release */,
			);
			defaultConfigurationIsVisible = 0;
			defaultConfigurationName = Release;
		};
		A2E763B71802469C00769E6E /* Build configuration list for PBXNativeTarget "temperatureconvertor" */ = {
			isa = XCConfigurationList;
			buildConfigurations = (
				A2E763B81802469C00769E6E /* Debug */,
				A2E763B91802469C00769E6E /* Release */,
			);
			defaultConfigurationIsVisible = 0;
		};
		A2E763BA1802469C00769E6E /* Build configuration list for PBXNativeTarget "temperatureconvertorTests" */ = {
			isa = XCConfigurationList;
			buildConfigurations = (
				A2E763BB1802469C00769E6E /* Debug */,
				A2E763BC1802469C00769E6E /* Release */,
			);
			defaultConfigurationIsVisible = 0;
		};
/* End XCConfigurationList section */
	};
	rootObject = A2E763831802469B00769E6E /* Project object */;
}
